
Microsoft Visual Studio Solution File, Format Version 12.00
# Visual Studio Version 17
VisualStudioVersion = 17.4.33205.214
MinimumVisualStudioVersion = 10.0.40219.1
Project("{FAE04EC0-301F-11D3-BF4B-00C04F79EFBC}") = "ManageShopWeb", "ManageShopWeb.csproj", "{68B31E12-88F2-46BB-A543-0F1B048B6FD1}"
EndProject
Global
	GlobalSection(SolutionConfigurationPlatforms) = preSolution
		Debug|Any CPU = Debug|Any CPU
		Release|Any CPU = Release|Any CPU
	EndGlobalSection
	GlobalSection(ProjectConfigurationPlatforms) = postSolution
		{68B31E12-88F2-46BB-A543-0F1B048B6FD1}.Debug|Any CPU.ActiveCfg = Debug|Any CPU
		{68B31E12-88F2-46BB-A543-0F1B048B6FD1}.Debug|Any CPU.Build.0 = Debug|Any CPU
		{68B31E12-88F2-46BB-A543-0F1B048B6FD1}.Release|Any CPU.ActiveCfg = Release|Any CPU
		{68B31E12-88F2-46BB-A543-0F1B048B6FD1}.Release|Any CPU.Build.0 = Release|Any CPU
	EndGlobalSection
	GlobalSection(SolutionProperties) = preSolution
		HideSolutionNode = FALSE
	EndGlobalSection
	GlobalSection(ExtensibilityGlobals) = postSolution
		SolutionGuid = {32E7BA0C-D309-4297-8112-F90F77981CCC}
	EndGlobalSection
EndGlobal
